
Microsoft Visual Studio Solution File, Format Version 12.00
# Visual Studio Version 17
VisualStudioVersion = 17.0.31903.59
MinimumVisualStudioVersion = 10.0.40219.1
Project("{9A19103F-16F7-4668-BE54-9A1E7A4F7556}") = "MyLibrary.Api", "Library.Api\MyLibrary.Api.csproj", "{1379532D-5C77-422B-BDE4-43BDE6837FBF}"
EndProject
Project("{9A19103F-16F7-4668-BE54-9A1E7A4F7556}") = "MyLibrary.Infrastructure", "Library.Infrastructure\MyLibrary.Infrastructure.csproj", "{69F502C4-C5D9-409A-800A-021AB68038D7}"
EndProject
Project("{9A19103F-16F7-4668-BE54-9A1E7A4F7556}") = "MyLibrary.Application", "Library.Application\MyLibrary.Application.csproj", "{7C38608E-765E-4140-800C-5DE50251D615}"
EndProject
Project("{9A19103F-16F7-4668-BE54-9A1E7A4F7556}") = "MyLibrary.Domain", "Library.Domain\MyLibrary.Domain.csproj", "{C4485199-B9E5-4ED2-BB22-4172EAE87DC0}"
EndProject
Project("{2150E333-8FDC-42A3-9474-1A3956D46DE8}") = "src", "src", "{B90165EC-B29A-41F9-B960-90FAC3A39A94}"
EndProject
Project("{2150E333-8FDC-42A3-9474-1A3956D46DE8}") = "test", "test", "{C06D1A62-B7FC-4ACE-BAB3-204D3CD3D90E}"
EndProject
Project("{2150E333-8FDC-42A3-9474-1A3956D46DE8}") = "API", "API", "{A898E55D-46A0-4B75-AA4F-BBC740FCEB65}"
EndProject
Project("{2150E333-8FDC-42A3-9474-1A3956D46DE8}") = "Core", "Core", "{0722FF76-F191-4788-9CEC-676591E9A2FB}"
EndProject
Project("{2150E333-8FDC-42A3-9474-1A3956D46DE8}") = "Infrastructure", "Infrastructure", "{F0BBDAF0-576F-4D3B-8785-572DEA60D814}"
EndProject
Project("{2150E333-8FDC-42A3-9474-1A3956D46DE8}") = "UI", "UI", "{88B0F3FD-DF09-44F0-851A-54EFD052A6C7}"
EndProject
Project("{9A19103F-16F7-4668-BE54-9A1E7A4F7556}") = "MyLibrary.Persistence", "Library.Persistence\MyLibrary.Persistence.csproj", "{E0604E38-1839-4BF8-9C16-243A5140CC7E}"
EndProject
Global
	GlobalSection(SolutionConfigurationPlatforms) = preSolution
		Debug|Any CPU = Debug|Any CPU
		Release|Any CPU = Release|Any CPU
	EndGlobalSection
	GlobalSection(ProjectConfigurationPlatforms) = postSolution
		{1379532D-5C77-422B-BDE4-43BDE6837FBF}.Debug|Any CPU.ActiveCfg = Debug|Any CPU
		{1379532D-5C77-422B-BDE4-43BDE6837FBF}.Debug|Any CPU.Build.0 = Debug|Any CPU
		{1379532D-5C77-422B-BDE4-43BDE6837FBF}.Release|Any CPU.ActiveCfg = Release|Any CPU
		{1379532D-5C77-422B-BDE4-43BDE6837FBF}.Release|Any CPU.Build.0 = Release|Any CPU
		{69F502C4-C5D9-409A-800A-021AB68038D7}.Debug|Any CPU.ActiveCfg = Debug|Any CPU
		{69F502C4-C5D9-409A-800A-021AB68038D7}.Debug|Any CPU.Build.0 = Debug|Any CPU
		{69F502C4-C5D9-409A-800A-021AB68038D7}.Release|Any CPU.ActiveCfg = Release|Any CPU
		{69F502C4-C5D9-409A-800A-021AB68038D7}.Release|Any CPU.Build.0 = Release|Any CPU
		{7C38608E-765E-4140-800C-5DE50251D615}.Debug|Any CPU.ActiveCfg = Debug|Any CPU
		{7C38608E-765E-4140-800C-5DE50251D615}.Debug|Any CPU.Build.0 = Debug|Any CPU
		{7C38608E-765E-4140-800C-5DE50251D615}.Release|Any CPU.ActiveCfg = Release|Any CPU
		{7C38608E-765E-4140-800C-5DE50251D615}.Release|Any CPU.Build.0 = Release|Any CPU
		{C4485199-B9E5-4ED2-BB22-4172EAE87DC0}.Debug|Any CPU.ActiveCfg = Debug|Any CPU
		{C4485199-B9E5-4ED2-BB22-4172EAE87DC0}.Debug|Any CPU.Build.0 = Debug|Any CPU
		{C4485199-B9E5-4ED2-BB22-4172EAE87DC0}.Release|Any CPU.ActiveCfg = Release|Any CPU
		{C4485199-B9E5-4ED2-BB22-4172EAE87DC0}.Release|Any CPU.Build.0 = Release|Any CPU
		{E0604E38-1839-4BF8-9C16-243A5140CC7E}.Debug|Any CPU.ActiveCfg = Debug|Any CPU
		{E0604E38-1839-4BF8-9C16-243A5140CC7E}.Debug|Any CPU.Build.0 = Debug|Any CPU
		{E0604E38-1839-4BF8-9C16-243A5140CC7E}.Release|Any CPU.ActiveCfg = Release|Any CPU
		{E0604E38-1839-4BF8-9C16-243A5140CC7E}.Release|Any CPU.Build.0 = Release|Any CPU
	EndGlobalSection
	GlobalSection(SolutionProperties) = preSolution
		HideSolutionNode = FALSE
	EndGlobalSection
	GlobalSection(NestedProjects) = preSolution
		{1379532D-5C77-422B-BDE4-43BDE6837FBF} = {A898E55D-46A0-4B75-AA4F-BBC740FCEB65}
		{69F502C4-C5D9-409A-800A-021AB68038D7} = {F0BBDAF0-576F-4D3B-8785-572DEA60D814}
		{7C38608E-765E-4140-800C-5DE50251D615} = {0722FF76-F191-4788-9CEC-676591E9A2FB}
		{C4485199-B9E5-4ED2-BB22-4172EAE87DC0} = {0722FF76-F191-4788-9CEC-676591E9A2FB}
		{A898E55D-46A0-4B75-AA4F-BBC740FCEB65} = {B90165EC-B29A-41F9-B960-90FAC3A39A94}
		{0722FF76-F191-4788-9CEC-676591E9A2FB} = {B90165EC-B29A-41F9-B960-90FAC3A39A94}
		{F0BBDAF0-576F-4D3B-8785-572DEA60D814} = {B90165EC-B29A-41F9-B960-90FAC3A39A94}
		{88B0F3FD-DF09-44F0-851A-54EFD052A6C7} = {B90165EC-B29A-41F9-B960-90FAC3A39A94}
		{E0604E38-1839-4BF8-9C16-243A5140CC7E} = {F0BBDAF0-576F-4D3B-8785-572DEA60D814}
	EndGlobalSection
	GlobalSection(ExtensibilityGlobals) = postSolution
		SolutionGuid = {E3D144D1-2F57-47D3-8D6C-96F69924090D}
	EndGlobalSection
EndGlobal
